// !$*UTF8*$!
{
	archiveVersion = 1;
	classes = {
	};
	objectVersion = 50;
	objects = {

/* Begin PBXBuildFile section */
		49D04E3E24DD8FD600737842 /* Homes.storyboard in Resources */ = {isa = PBXBuildFile; fileRef = 49D04E3D24DD8FD600737842 /* Homes.storyboard */; };
		49D04E4024DD91A300737842 /* ArticleCollectionViewCell.swift in Sources */ = {isa = PBXBuildFile; fileRef = 49D04E3F24DD91A300737842 /* ArticleCollectionViewCell.swift */; };
		49D04E4224DD91E000737842 /* Articlee.swift in Sources */ = {isa = PBXBuildFile; fileRef = 49D04E4124DD91E000737842 /* Articlee.swift */; };
		49D04E4424DD920100737842 /* HomeArticle.swift in Sources */ = {isa = PBXBuildFile; fileRef = 49D04E4324DD920100737842 /* HomeArticle.swift */; };
		A963E14424DD14CB00D6CF39 /* ScannerScreen.storyboard in Resources */ = {isa = PBXBuildFile; fileRef = A963E14324DD14CB00D6CF39 /* ScannerScreen.storyboard */; };
		A963E14624DD153100D6CF39 /* ScannerScreenViewController.swift in Sources */ = {isa = PBXBuildFile; fileRef = A963E14524DD153100D6CF39 /* ScannerScreenViewController.swift */; };
		A9A5389324E238B10090A678 /* CataractDogImageClassifier.mlmodel in Sources */ = {isa = PBXBuildFile; fileRef = A9A5389224E238B10090A678 /* CataractDogImageClassifier.mlmodel */; };
		A9C4B12724E28BD700912461 /* DemoDexScannerScreen.storyboard in Resources */ = {isa = PBXBuildFile; fileRef = A9C4B12624E28BD700912461 /* DemoDexScannerScreen.storyboard */; };
		A9C4B12924E28C1400912461 /* DemodexScannerScreenViewController.swift in Sources */ = {isa = PBXBuildFile; fileRef = A9C4B12824E28C1400912461 /* DemodexScannerScreenViewController.swift */; };
		A9C4B13324E3C71D00912461 /* DemodexDogImageClassifier.mlmodel in Sources */ = {isa = PBXBuildFile; fileRef = A9C4B13224E3C71D00912461 /* DemodexDogImageClassifier.mlmodel */; };
		ED225AB324E35FBB00F28982 /* MapController.swift in Sources */ = {isa = PBXBuildFile; fileRef = ED225AB224E35FBB00F28982 /* MapController.swift */; };
		ED225AB524E35FC400F28982 /* Map.storyboard in Resources */ = {isa = PBXBuildFile; fileRef = ED225AB424E35FC400F28982 /* Map.storyboard */; };
		ED62C42A24DC39AB00AB43EB /* Article.storyboard in Resources */ = {isa = PBXBuildFile; fileRef = ED62C42924DC39AB00AB43EB /* Article.storyboard */; };
		ED62C42C24DC3DB100AB43EB /* ArticleController.swift in Sources */ = {isa = PBXBuildFile; fileRef = ED62C42B24DC3DB100AB43EB /* ArticleController.swift */; };
		ED62C42F24DC409E00AB43EB /* Article.swift in Sources */ = {isa = PBXBuildFile; fileRef = ED62C42E24DC409E00AB43EB /* Article.swift */; };
		ED7DCC6424E257090067CD5E /* InfoController.swift in Sources */ = {isa = PBXBuildFile; fileRef = ED7DCC6324E257090067CD5E /* InfoController.swift */; };
		ED9B9DFF24DA220C00B90B24 /* AppDelegate.swift in Sources */ = {isa = PBXBuildFile; fileRef = ED9B9DFE24DA220C00B90B24 /* AppDelegate.swift */; };
		ED9B9E0124DA220C00B90B24 /* SceneDelegate.swift in Sources */ = {isa = PBXBuildFile; fileRef = ED9B9E0024DA220C00B90B24 /* SceneDelegate.swift */; };
		ED9B9E0324DA220C00B90B24 /* ViewController.swift in Sources */ = {isa = PBXBuildFile; fileRef = ED9B9E0224DA220C00B90B24 /* ViewController.swift */; };
		ED9B9E0624DA220C00B90B24 /* Main.storyboard in Resources */ = {isa = PBXBuildFile; fileRef = ED9B9E0424DA220C00B90B24 /* Main.storyboard */; };
		ED9B9E0824DA220E00B90B24 /* Assets.xcassets in Resources */ = {isa = PBXBuildFile; fileRef = ED9B9E0724DA220E00B90B24 /* Assets.xcassets */; };
		ED9B9E0B24DA220E00B90B24 /* LaunchScreen.storyboard in Resources */ = {isa = PBXBuildFile; fileRef = ED9B9E0924DA220E00B90B24 /* LaunchScreen.storyboard */; };
/* End PBXBuildFile section */

/* Begin PBXFileReference section */
		49D04E3D24DD8FD600737842 /* Homes.storyboard */ = {isa = PBXFileReference; lastKnownFileType = file.storyboard; path = Homes.storyboard; sourceTree = "<group>"; };
		49D04E3F24DD91A300737842 /* ArticleCollectionViewCell.swift */ = {isa = PBXFileReference; lastKnownFileType = sourcecode.swift; path = ArticleCollectionViewCell.swift; sourceTree = "<group>"; };
		49D04E4124DD91E000737842 /* Articlee.swift */ = {isa = PBXFileReference; lastKnownFileType = sourcecode.swift; path = Articlee.swift; sourceTree = "<group>"; };
		49D04E4324DD920100737842 /* HomeArticle.swift */ = {isa = PBXFileReference; lastKnownFileType = sourcecode.swift; path = HomeArticle.swift; sourceTree = "<group>"; };
		A963E14324DD14CB00D6CF39 /* ScannerScreen.storyboard */ = {isa = PBXFileReference; lastKnownFileType = file.storyboard; path = ScannerScreen.storyboard; sourceTree = "<group>"; };
		A963E14524DD153100D6CF39 /* ScannerScreenViewController.swift */ = {isa = PBXFileReference; lastKnownFileType = sourcecode.swift; path = ScannerScreenViewController.swift; sourceTree = "<group>"; };
		A9A5389224E238B10090A678 /* CataractDogImageClassifier.mlmodel */ = {isa = PBXFileReference; lastKnownFileType = file.mlmodel; path = CataractDogImageClassifier.mlmodel; sourceTree = "<group>"; };
		A9C4B12624E28BD700912461 /* DemoDexScannerScreen.storyboard */ = {isa = PBXFileReference; lastKnownFileType = file.storyboard; path = DemoDexScannerScreen.storyboard; sourceTree = "<group>"; };
		A9C4B12824E28C1400912461 /* DemodexScannerScreenViewController.swift */ = {isa = PBXFileReference; lastKnownFileType = sourcecode.swift; path = DemodexScannerScreenViewController.swift; sourceTree = "<group>"; };
		A9C4B13224E3C71D00912461 /* DemodexDogImageClassifier.mlmodel */ = {isa = PBXFileReference; lastKnownFileType = file.mlmodel; path = DemodexDogImageClassifier.mlmodel; sourceTree = "<group>"; };
		ED225AB224E35FBB00F28982 /* MapController.swift */ = {isa = PBXFileReference; lastKnownFileType = sourcecode.swift; path = MapController.swift; sourceTree = "<group>"; };
		ED225AB424E35FC400F28982 /* Map.storyboard */ = {isa = PBXFileReference; lastKnownFileType = file.storyboard; path = Map.storyboard; sourceTree = "<group>"; };
		ED62C42924DC39AB00AB43EB /* Article.storyboard */ = {isa = PBXFileReference; lastKnownFileType = file.storyboard; path = Article.storyboard; sourceTree = "<group>"; };
		ED62C42B24DC3DB100AB43EB /* ArticleController.swift */ = {isa = PBXFileReference; lastKnownFileType = sourcecode.swift; path = ArticleController.swift; sourceTree = "<group>"; };
		ED62C42E24DC409E00AB43EB /* Article.swift */ = {isa = PBXFileReference; lastKnownFileType = sourcecode.swift; path = Article.swift; sourceTree = "<group>"; };
		ED7DCC6324E257090067CD5E /* InfoController.swift */ = {isa = PBXFileReference; lastKnownFileType = sourcecode.swift; path = InfoController.swift; sourceTree = "<group>"; };
		ED9B9DFB24DA220C00B90B24 /* WufWuf.app */ = {isa = PBXFileReference; explicitFileType = wrapper.application; includeInIndex = 0; path = WufWuf.app; sourceTree = BUILT_PRODUCTS_DIR; };
		ED9B9DFE24DA220C00B90B24 /* AppDelegate.swift */ = {isa = PBXFileReference; lastKnownFileType = sourcecode.swift; path = AppDelegate.swift; sourceTree = "<group>"; };
		ED9B9E0024DA220C00B90B24 /* SceneDelegate.swift */ = {isa = PBXFileReference; lastKnownFileType = sourcecode.swift; path = SceneDelegate.swift; sourceTree = "<group>"; };
		ED9B9E0224DA220C00B90B24 /* ViewController.swift */ = {isa = PBXFileReference; lastKnownFileType = sourcecode.swift; path = ViewController.swift; sourceTree = "<group>"; };
		ED9B9E0524DA220C00B90B24 /* Base */ = {isa = PBXFileReference; lastKnownFileType = file.storyboard; name = Base; path = Base.lproj/Main.storyboard; sourceTree = "<group>"; };
		ED9B9E0724DA220E00B90B24 /* Assets.xcassets */ = {isa = PBXFileReference; lastKnownFileType = folder.assetcatalog; path = Assets.xcassets; sourceTree = "<group>"; };
		ED9B9E0A24DA220E00B90B24 /* Base */ = {isa = PBXFileReference; lastKnownFileType = file.storyboard; name = Base; path = Base.lproj/LaunchScreen.storyboard; sourceTree = "<group>"; };
		ED9B9E0C24DA220E00B90B24 /* Info.plist */ = {isa = PBXFileReference; lastKnownFileType = text.plist.xml; path = Info.plist; sourceTree = "<group>"; };
/* End PBXFileReference section */

/* Begin PBXFrameworksBuildPhase section */
		ED9B9DF824DA220C00B90B24 /* Frameworks */ = {
			isa = PBXFrameworksBuildPhase;
			buildActionMask = 2147483647;
			files = (
			);
			runOnlyForDeploymentPostprocessing = 0;
		};
/* End PBXFrameworksBuildPhase section */

/* Begin PBXGroup section */
		49D04E3C24DD8F8200737842 /* Home */ = {
			isa = PBXGroup;
			children = (
				49D04E3D24DD8FD600737842 /* Homes.storyboard */,
				49D04E3F24DD91A300737842 /* ArticleCollectionViewCell.swift */,
				49D04E4124DD91E000737842 /* Articlee.swift */,
				49D04E4324DD920100737842 /* HomeArticle.swift */,
			);
			path = Home;
			sourceTree = "<group>";
		};
		A963E13D24DD07FC00D6CF39 /* Cataract */ = {
			isa = PBXGroup;
			children = (
				A963E13E24DD081200D6CF39 /* Scanner */,
			);
			path = Cataract;
			sourceTree = "<group>";
		};
		A963E13E24DD081200D6CF39 /* Scanner */ = {
			isa = PBXGroup;
			children = (
				A963E14324DD14CB00D6CF39 /* ScannerScreen.storyboard */,
				A963E14524DD153100D6CF39 /* ScannerScreenViewController.swift */,
				A9A5389224E238B10090A678 /* CataractDogImageClassifier.mlmodel */,
			);
			path = Scanner;
			sourceTree = "<group>";
		};
		A9C4B12424E28B6C00912461 /* Demodex */ = {
			isa = PBXGroup;
			children = (
				A9C4B12524E28B7B00912461 /* Scanner */,
			);
			path = Demodex;
			sourceTree = "<group>";
		};
		A9C4B12524E28B7B00912461 /* Scanner */ = {
			isa = PBXGroup;
			children = (
				A9C4B12624E28BD700912461 /* DemoDexScannerScreen.storyboard */,
				A9C4B12824E28C1400912461 /* DemodexScannerScreenViewController.swift */,
				A9C4B13224E3C71D00912461 /* DemodexDogImageClassifier.mlmodel */,
			);
			path = Scanner;
			sourceTree = "<group>";
		};
		ED225AAF24E35F8400F28982 /* Map */ = {
			isa = PBXGroup;
			children = (
				ED225AB224E35FBB00F28982 /* MapController.swift */,
				ED225AB424E35FC400F28982 /* Map.storyboard */,
			);
			path = Map;
			sourceTree = "<group>";
		};
		ED62C42824DC380A00AB43EB /* Article */ = {
			isa = PBXGroup;
			children = (
				ED62C42924DC39AB00AB43EB /* Article.storyboard */,
				ED62C42B24DC3DB100AB43EB /* ArticleController.swift */,
				ED7DCC6324E257090067CD5E /* InfoController.swift */,
			);
			path = Article;
			sourceTree = "<group>";
		};
		ED62C42D24DC408300AB43EB /* Model */ = {
			isa = PBXGroup;
			children = (
				ED62C42E24DC409E00AB43EB /* Article.swift */,
			);
			path = Model;
			sourceTree = "<group>";
		};
		ED9B9DF224DA220C00B90B24 = {
			isa = PBXGroup;
			children = (
				ED9B9DFD24DA220C00B90B24 /* WufWuf */,
				ED9B9DFC24DA220C00B90B24 /* Products */,
			);
			sourceTree = "<group>";
		};
		ED9B9DFC24DA220C00B90B24 /* Products */ = {
			isa = PBXGroup;
			children = (
				ED9B9DFB24DA220C00B90B24 /* WufWuf.app */,
			);
			name = Products;
			sourceTree = "<group>";
		};
		ED9B9DFD24DA220C00B90B24 /* WufWuf */ = {
			isa = PBXGroup;
			children = (
				EDBCD29E24DBE79D002BC5CF /* Controller */,
				ED9B9DFE24DA220C00B90B24 /* AppDelegate.swift */,
				ED9B9E0024DA220C00B90B24 /* SceneDelegate.swift */,
				ED9B9E0224DA220C00B90B24 /* ViewController.swift */,
				ED9B9E0424DA220C00B90B24 /* Main.storyboard */,
				ED9B9E0724DA220E00B90B24 /* Assets.xcassets */,
				ED9B9E0924DA220E00B90B24 /* LaunchScreen.storyboard */,
				ED9B9E0C24DA220E00B90B24 /* Info.plist */,
			);
			path = WufWuf;
			sourceTree = "<group>";
		};
		EDBCD29E24DBE79D002BC5CF /* Controller */ = {
			isa = PBXGroup;
			children = (
				A9C4B12424E28B6C00912461 /* Demodex */,
				ED225AAF24E35F8400F28982 /* Map */,
				49D04E3C24DD8F8200737842 /* Home */,
				A963E13D24DD07FC00D6CF39 /* Cataract */,
				ED62C42D24DC408300AB43EB /* Model */,
				ED62C42824DC380A00AB43EB /* Article */,
			);
			path = Controller;
			sourceTree = "<group>";
		};
/* End PBXGroup section */

/* Begin PBXNativeTarget section */
		ED9B9DFA24DA220C00B90B24 /* WufWuf */ = {
			isa = PBXNativeTarget;
			buildConfigurationList = ED9B9E0F24DA220E00B90B24 /* Build configuration list for PBXNativeTarget "WufWuf" */;
			buildPhases = (
				ED9B9DF724DA220C00B90B24 /* Sources */,
				ED9B9DF824DA220C00B90B24 /* Frameworks */,
				ED9B9DF924DA220C00B90B24 /* Resources */,
			);
			buildRules = (
			);
			dependencies = (
			);
			name = WufWuf;
			productName = WufWuf;
			productReference = ED9B9DFB24DA220C00B90B24 /* WufWuf.app */;
			productType = "com.apple.product-type.application";
		};
/* End PBXNativeTarget section */

/* Begin PBXProject section */
		ED9B9DF324DA220C00B90B24 /* Project object */ = {
			isa = PBXProject;
			attributes = {
				LastSwiftUpdateCheck = 1150;
				LastUpgradeCheck = 1150;
				ORGANIZATIONNAME = wufwuf;
				TargetAttributes = {
					ED9B9DFA24DA220C00B90B24 = {
						CreatedOnToolsVersion = 11.5;
					};
				};
			};
			buildConfigurationList = ED9B9DF624DA220C00B90B24 /* Build configuration list for PBXProject "WufWuf" */;
			compatibilityVersion = "Xcode 9.3";
			developmentRegion = en;
			hasScannedForEncodings = 0;
			knownRegions = (
				en,
				Base,
			);
			mainGroup = ED9B9DF224DA220C00B90B24;
			productRefGroup = ED9B9DFC24DA220C00B90B24 /* Products */;
			projectDirPath = "";
			projectRoot = "";
			targets = (
				ED9B9DFA24DA220C00B90B24 /* WufWuf */,
			);
		};
/* End PBXProject section */

/* Begin PBXResourcesBuildPhase section */
		ED9B9DF924DA220C00B90B24 /* Resources */ = {
			isa = PBXResourcesBuildPhase;
			buildActionMask = 2147483647;
			files = (
				ED9B9E0B24DA220E00B90B24 /* LaunchScreen.storyboard in Resources */,
				A9C4B12724E28BD700912461 /* DemoDexScannerScreen.storyboard in Resources */,
				ED62C42A24DC39AB00AB43EB /* Article.storyboard in Resources */,
				ED225AB524E35FC400F28982 /* Map.storyboard in Resources */,
				A963E14424DD14CB00D6CF39 /* ScannerScreen.storyboard in Resources */,
				ED9B9E0824DA220E00B90B24 /* Assets.xcassets in Resources */,
				49D04E3E24DD8FD600737842 /* Homes.storyboard in Resources */,
				ED9B9E0624DA220C00B90B24 /* Main.storyboard in Resources */,
			);
			runOnlyForDeploymentPostprocessing = 0;
		};
/* End PBXResourcesBuildPhase section */

/* Begin PBXSourcesBuildPhase section */
		ED9B9DF724DA220C00B90B24 /* Sources */ = {
			isa = PBXSourcesBuildPhase;
			buildActionMask = 2147483647;
			files = (
				49D04E4424DD920100737842 /* HomeArticle.swift in Sources */,
				ED9B9E0324DA220C00B90B24 /* ViewController.swift in Sources */,
				ED9B9DFF24DA220C00B90B24 /* AppDelegate.swift in Sources */,
				ED62C42C24DC3DB100AB43EB /* ArticleController.swift in Sources */,
				ED225AB324E35FBB00F28982 /* MapController.swift in Sources */,
				49D04E4024DD91A300737842 /* ArticleCollectionViewCell.swift in Sources */,
				A963E14624DD153100D6CF39 /* ScannerScreenViewController.swift in Sources */,
				ED9B9E0124DA220C00B90B24 /* SceneDelegate.swift in Sources */,
				A9C4B13324E3C71D00912461 /* DemodexDogImageClassifier.mlmodel in Sources */,
				49D04E4224DD91E000737842 /* Articlee.swift in Sources */,
				ED62C42F24DC409E00AB43EB /* Article.swift in Sources */,
				A9A5389324E238B10090A678 /* CataractDogImageClassifier.mlmodel in Sources */,
				A9C4B12924E28C1400912461 /* DemodexScannerScreenViewController.swift in Sources */,
				ED7DCC6424E257090067CD5E /* InfoController.swift in Sources */,
			);
			runOnlyForDeploymentPostprocessing = 0;
		};
/* End PBXSourcesBuildPhase section */

/* Begin PBXVariantGroup section */
		ED9B9E0424DA220C00B90B24 /* Main.storyboard */ = {
			isa = PBXVariantGroup;
			children = (
				ED9B9E0524DA220C00B90B24 /* Base */,
			);
			name = Main.storyboard;
			sourceTree = "<group>";
		};
		ED9B9E0924DA220E00B90B24 /* LaunchScreen.storyboard */ = {
			isa = PBXVariantGroup;
			children = (
				ED9B9E0A24DA220E00B90B24 /* Base */,
			);
			name = LaunchScreen.storyboard;
			sourceTree = "<group>";
		};
/* End PBXVariantGroup section */

/* Begin XCBuildConfiguration section */
		ED9B9E0D24DA220E00B90B24 /* Debug */ = {
			isa = XCBuildConfiguration;
			buildSettings = {
				ALWAYS_SEARCH_USER_PATHS = NO;
				CLANG_ANALYZER_NONNULL = YES;
				CLANG_ANALYZER_NUMBER_OBJECT_CONVERSION = YES_AGGRESSIVE;
				CLANG_CXX_LANGUAGE_STANDARD = "gnu++14";
				CLANG_CXX_LIBRARY = "libc++";
				CLANG_ENABLE_MODULES = YES;
				CLANG_ENABLE_OBJC_ARC = YES;
				CLANG_ENABLE_OBJC_WEAK = YES;
				CLANG_WARN_BLOCK_CAPTURE_AUTORELEASING = YES;
				CLANG_WARN_BOOL_CONVERSION = YES;
				CLANG_WARN_COMMA = YES;
				CLANG_WARN_CONSTANT_CONVERSION = YES;
				CLANG_WARN_DEPRECATED_OBJC_IMPLEMENTATIONS = YES;
				CLANG_WARN_DIRECT_OBJC_ISA_USAGE = YES_ERROR;
				CLANG_WARN_DOCUMENTATION_COMMENTS = YES;
				CLANG_WARN_EMPTY_BODY = YES;
				CLANG_WARN_ENUM_CONVERSION = YES;
				CLANG_WARN_INFINITE_RECURSION = YES;
				CLANG_WARN_INT_CONVERSION = YES;
				CLANG_WARN_NON_LITERAL_NULL_CONVERSION = YES;
				CLANG_WARN_OBJC_IMPLICIT_RETAIN_SELF = YES;
				CLANG_WARN_OBJC_LITERAL_CONVERSION = YES;
				CLANG_WARN_OBJC_ROOT_CLASS = YES_ERROR;
				CLANG_WARN_RANGE_LOOP_ANALYSIS = YES;
				CLANG_WARN_STRICT_PROTOTYPES = YES;
				CLANG_WARN_SUSPICIOUS_MOVE = YES;
				CLANG_WARN_UNGUARDED_AVAILABILITY = YES_AGGRESSIVE;
				CLANG_WARN_UNREACHABLE_CODE = YES;
				CLANG_WARN__DUPLICATE_METHOD_MATCH = YES;
				COPY_PHASE_STRIP = NO;
				DEBUG_INFORMATION_FORMAT = dwarf;
				ENABLE_STRICT_OBJC_MSGSEND = YES;
				ENABLE_TESTABILITY = YES;
				GCC_C_LANGUAGE_STANDARD = gnu11;
				GCC_DYNAMIC_NO_PIC = NO;
				GCC_NO_COMMON_BLOCKS = YES;
				GCC_OPTIMIZATION_LEVEL = 0;
				GCC_PREPROCESSOR_DEFINITIONS = (
					"DEBUG=1",
					"$(inherited)",
				);
				GCC_WARN_64_TO_32_BIT_CONVERSION = YES;
				GCC_WARN_ABOUT_RETURN_TYPE = YES_ERROR;
				GCC_WARN_UNDECLARED_SELECTOR = YES;
				GCC_WARN_UNINITIALIZED_AUTOS = YES_AGGRESSIVE;
				GCC_WARN_UNUSED_FUNCTION = YES;
				GCC_WARN_UNUSED_VARIABLE = YES;
				IPHONEOS_DEPLOYMENT_TARGET = 13.5;
				MTL_ENABLE_DEBUG_INFO = INCLUDE_SOURCE;
				MTL_FAST_MATH = YES;
				ONLY_ACTIVE_ARCH = YES;
				SDKROOT = iphoneos;
				SWIFT_ACTIVE_COMPILATION_CONDITIONS = DEBUG;
				SWIFT_OPTIMIZATION_LEVEL = "-Onone";
			};
			name = Debug;
		};
		ED9B9E0E24DA220E00B90B24 /* Release */ = {
			isa = XCBuildConfiguration;
			buildSettings = {
				ALWAYS_SEARCH_USER_PATHS = NO;
				CLANG_ANALYZER_NONNULL = YES;
				CLANG_ANALYZER_NUMBER_OBJECT_CONVERSION = YES_AGGRESSIVE;
				CLANG_CXX_LANGUAGE_STANDARD = "gnu++14";
				CLANG_CXX_LIBRARY = "libc++";
				CLANG_ENABLE_MODULES = YES;
				CLANG_ENABLE_OBJC_ARC = YES;
				CLANG_ENABLE_OBJC_WEAK = YES;
				CLANG_WARN_BLOCK_CAPTURE_AUTORELEASING = YES;
				CLANG_WARN_BOOL_CONVERSION = YES;
				CLANG_WARN_COMMA = YES;
				CLANG_WARN_CONSTANT_CONVERSION = YES;
				CLANG_WARN_DEPRECATED_OBJC_IMPLEMENTATIONS = YES;
				CLANG_WARN_DIRECT_OBJC_ISA_USAGE = YES_ERROR;
				CLANG_WARN_DOCUMENTATION_COMMENTS = YES;
				CLANG_WARN_EMPTY_BODY = YES;
				CLANG_WARN_ENUM_CONVERSION = YES;
				CLANG_WARN_INFINITE_RECURSION = YES;
				CLANG_WARN_INT_CONVERSION = YES;
				CLANG_WARN_NON_LITERAL_NULL_CONVERSION = YES;
				CLANG_WARN_OBJC_IMPLICIT_RETAIN_SELF = YES;
				CLANG_WARN_OBJC_LITERAL_CONVERSION = YES;
				CLANG_WARN_OBJC_ROOT_CLASS = YES_ERROR;
				CLANG_WARN_RANGE_LOOP_ANALYSIS = YES;
				CLANG_WARN_STRICT_PROTOTYPES = YES;
				CLANG_WARN_SUSPICIOUS_MOVE = YES;
				CLANG_WARN_UNGUARDED_AVAILABILITY = YES_AGGRESSIVE;
				CLANG_WARN_UNREACHABLE_CODE = YES;
				CLANG_WARN__DUPLICATE_METHOD_MATCH = YES;
				COPY_PHASE_STRIP = NO;
				DEBUG_INFORMATION_FORMAT = "dwarf-with-dsym";
				ENABLE_NS_ASSERTIONS = NO;
				ENABLE_STRICT_OBJC_MSGSEND = YES;
				GCC_C_LANGUAGE_STANDARD = gnu11;
				GCC_NO_COMMON_BLOCKS = YES;
				GCC_WARN_64_TO_32_BIT_CONVERSION = YES;
				GCC_WARN_ABOUT_RETURN_TYPE = YES_ERROR;
				GCC_WARN_UNDECLARED_SELECTOR = YES;
				GCC_WARN_UNINITIALIZED_AUTOS = YES_AGGRESSIVE;
				GCC_WARN_UNUSED_FUNCTION = YES;
				GCC_WARN_UNUSED_VARIABLE = YES;
				IPHONEOS_DEPLOYMENT_TARGET = 13.5;
				MTL_ENABLE_DEBUG_INFO = NO;
				MTL_FAST_MATH = YES;
				SDKROOT = iphoneos;
				SWIFT_COMPILATION_MODE = wholemodule;
				SWIFT_OPTIMIZATION_LEVEL = "-O";
				VALIDATE_PRODUCT = YES;
			};
			name = Release;
		};
		ED9B9E1024DA220E00B90B24 /* Debug */ = {
			isa = XCBuildConfiguration;
			buildSettings = {
				ASSETCATALOG_COMPILER_APPICON_NAME = AppIcon;
				CODE_SIGN_STYLE = Automatic;
				CURRENT_PROJECT_VERSION = 2;
				DEVELOPMENT_TEAM = J5T564JM4P;
				INFOPLIST_FILE = WufWuf/Info.plist;
				LD_RUNPATH_SEARCH_PATHS = (
					"$(inherited)",
					"@executable_path/Frameworks",
				);
				PRODUCT_BUNDLE_IDENTIFIER = com.michaeltamsil.wufwuf;
				PRODUCT_NAME = "$(TARGET_NAME)";
				SWIFT_VERSION = 5.0;
				TARGETED_DEVICE_FAMILY = 1;
			};
			name = Debug;
		};
		ED9B9E1124DA220E00B90B24 /* Release */ = {
			isa = XCBuildConfiguration;
			buildSettings = {
				ASSETCATALOG_COMPILER_APPICON_NAME = AppIcon;
				CODE_SIGN_STYLE = Automatic;
				CURRENT_PROJECT_VERSION = 2;
				DEVELOPMENT_TEAM = J5T564JM4P;
				INFOPLIST_FILE = WufWuf/Info.plist;
				LD_RUNPATH_SEARCH_PATHS = (
					"$(inherited)",
					"@executable_path/Frameworks",
				);
				PRODUCT_BUNDLE_IDENTIFIER = com.michaeltamsil.wufwuf;
				PRODUCT_NAME = "$(TARGET_NAME)";
				SWIFT_VERSION = 5.0;
				TARGETED_DEVICE_FAMILY = 1;
			};
			name = Release;
		};
/* End XCBuildConfiguration section */

/* Begin XCConfigurationList section */
		ED9B9DF624DA220C00B90B24 /* Build configuration list for PBXProject "WufWuf" */ = {
			isa = XCConfigurationList;
			buildConfigurations = (
				ED9B9E0D24DA220E00B90B24 /* Debug */,
				ED9B9E0E24DA220E00B90B24 /* Release */,
			);
			defaultConfigurationIsVisible = 0;
			defaultConfigurationName = Release;
		};
		ED9B9E0F24DA220E00B90B24 /* Build configuration list for PBXNativeTarget "WufWuf" */ = {
			isa = XCConfigurationList;
			buildConfigurations = (
				ED9B9E1024DA220E00B90B24 /* Debug */,
				ED9B9E1124DA220E00B90B24 /* Release */,
			);
			defaultConfigurationIsVisible = 0;
			defaultConfigurationName = Release;
		};
/* End XCConfigurationList section */
	};
	rootObject = ED9B9DF324DA220C00B90B24 /* Project object */;
}
